
Microsoft Visual Studio Solution File, Format Version 12.00
# Visual Studio Version 17
VisualStudioVersion = 17.13.35806.99 d17.13
MinimumVisualStudioVersion = 10.0.40219.1
Project("{FAE04EC0-301F-11D3-BF4B-00C04F79EFBC}") = "ConsoleApp1", "ConsoleApp1.csproj", "{74B20AFB-2CF0-4BB2-91BC-BB314D05A023}"
EndProject
Global
	GlobalSection(SolutionConfigurationPlatforms) = preSolution
		Debug|Any CPU = Debug|Any CPU
		Release|Any CPU = Release|Any CPU
	EndGlobalSection
	GlobalSection(ProjectConfigurationPlatforms) = postSolution
		{74B20AFB-2CF0-4BB2-91BC-BB314D05A023}.Debug|Any CPU.ActiveCfg = Debug|Any CPU
		{74B20AFB-2CF0-4BB2-91BC-BB314D05A023}.Debug|Any CPU.Build.0 = Debug|Any CPU
		{74B20AFB-2CF0-4BB2-91BC-BB314D05A023}.Release|Any CPU.ActiveCfg = Release|Any CPU
		{74B20AFB-2CF0-4BB2-91BC-BB314D05A023}.Release|Any CPU.Build.0 = Release|Any CPU
	EndGlobalSection
	GlobalSection(SolutionProperties) = preSolution
		HideSolutionNode = FALSE
	EndGlobalSection
	GlobalSection(ExtensibilityGlobals) = postSolution
		SolutionGuid = {EA82BC2A-E0E8-4645-B073-B820E222E3C4}
	EndGlobalSection
EndGlobal
